
Microsoft Visual Studio Solution File, Format Version 12.00
# Visual Studio Version 16
VisualStudioVersion = 16.0.30114.105
MinimumVisualStudioVersion = 10.0.40219.1
Project("{9A19103F-16F7-4668-BE54-9A1E7A4F7556}") = "R5T.F0015", "R5T.F0015\R5T.F0015.csproj", "{2A13D841-E848-4323-A5CA-E9E2081CCDCB}"
EndProject
Project("{2150E333-8FDC-42A3-9474-1A3956D46DE8}") = "_Dependencies", "_Dependencies", "{441FFF5B-AFCB-44A2-9A63-56A312D87BF3}"
EndProject
Project("{9A19103F-16F7-4668-BE54-9A1E7A4F7556}") = "R5T.F0014", "..\..\R5T.F0014\source\R5T.F0014\R5T.F0014.csproj", "{068A69DA-A48E-4CEF-8783-484E9602D4D8}"
EndProject
Project("{9A19103F-16F7-4668-BE54-9A1E7A4F7556}") = "R5T.F0010", "..\..\R5T.F0010\source\R5T.F0010\R5T.F0010.csproj", "{9175A31D-8AFA-477A-9D87-1FB2B0205AE7}"
EndProject
Project("{9A19103F-16F7-4668-BE54-9A1E7A4F7556}") = "R5T.X0016", "..\..\R5T.X0016\source\R5T.X0016\R5T.X0016.csproj", "{ACFF8540-CE43-4051-876B-8519F448931A}"
EndProject
Project("{9A19103F-16F7-4668-BE54-9A1E7A4F7556}") = "R5T.B0006.X0000", "..\..\R5T.B0006.X0000\source\R5T.B0006.X0000\R5T.B0006.X0000.csproj", "{15AE9E9F-F8F9-451B-8657-FC8CE5D80D2E}"
EndProject
Project("{9A19103F-16F7-4668-BE54-9A1E7A4F7556}") = "R5T.B0006", "..\..\R5T.B0006\source\R5T.B0006\R5T.B0006.csproj", "{96381233-C210-4C16-8850-8E8936DCBC2A}"
EndProject
Project("{9A19103F-16F7-4668-BE54-9A1E7A4F7556}") = "R5T.T0039.T002", "..\..\R5T.T0039\source\R5T.T0039.T002\R5T.T0039.T002.csproj", "{7CEDE099-6B57-4B1B-B5A3-FCD1F89B7A9E}"
EndProject
Project("{9A19103F-16F7-4668-BE54-9A1E7A4F7556}") = "R5T.X0005", "..\..\R5T.X0005\source\R5T.X0005\R5T.X0005.csproj", "{9BC71A29-9677-4DBE-97CF-82CFE346177C}"
EndProject
Project("{9A19103F-16F7-4668-BE54-9A1E7A4F7556}") = "R5T.F0003", "..\..\R5T.F0003\source\R5T.F0003\R5T.F0003.csproj", "{F39DB487-0518-4425-B6FC-6AF3932E6512}"
EndProject
Project("{9A19103F-16F7-4668-BE54-9A1E7A4F7556}") = "R5T.L0011", "..\..\R5T.L0011\source\R5T.L0011\R5T.L0011.csproj", "{EC40B48B-397F-4B50-85A6-271E813699B9}"
EndProject
Project("{9A19103F-16F7-4668-BE54-9A1E7A4F7556}") = "R5T.T0132", "..\..\R5T.T0132\source\R5T.T0132\R5T.T0132.csproj", "{CE4A06C1-19BD-464C-9208-D6B57D23E8E3}"
EndProject
Project("{9A19103F-16F7-4668-BE54-9A1E7A4F7556}") = "R5T.Magyar", "..\..\R5T.Magyar\source\R5T.Magyar\R5T.Magyar.csproj", "{2889583F-6028-4FCD-BBC1-9082E58B0710}"
EndProject
Project("{9A19103F-16F7-4668-BE54-9A1E7A4F7556}") = "R5T.B0006.X0004", "..\..\R5T.B0006.X0004\source\R5T.B0006.X0004\R5T.B0006.X0004.csproj", "{AED1F2A3-8D44-4961-8A2A-A9AE447C6D8B}"
EndProject
Project("{9A19103F-16F7-4668-BE54-9A1E7A4F7556}") = "R5T.B0006.X0001", "..\..\R5T.B0006.X0001\source\R5T.B0006.X0001\R5T.B0006.X0001.csproj", "{E0489C04-BE26-4EAA-9570-60ED24A5FFEB}"
EndProject
Project("{9A19103F-16F7-4668-BE54-9A1E7A4F7556}") = "R5T.F0004", "..\..\R5T.F0004\source\R5T.F0004\R5T.F0004.csproj", "{05AD519A-8DB4-4414-A253-6B73FE66011C}"
EndProject
Project("{9A19103F-16F7-4668-BE54-9A1E7A4F7556}") = "R5T.Z0000", "..\..\R5T.Z0000\source\R5T.Z0000\R5T.Z0000.csproj", "{D29C5B58-22AC-41B5-AA2E-32B8222B0350}"
EndProject
Project("{9A19103F-16F7-4668-BE54-9A1E7A4F7556}") = "R5T.T0131", "..\..\R5T.T0131\source\R5T.T0131\R5T.T0131.csproj", "{5B68195D-A4F5-4CB8-8C11-9DDD185EA29D}"
EndProject
Project("{9A19103F-16F7-4668-BE54-9A1E7A4F7556}") = "R5T.B0007.X0002", "..\..\R5T.B0007.X0002\source\R5T.B0007.X0002\R5T.B0007.X0002.csproj", "{AC8096C8-A054-46BA-B644-30479F3E61E0}"
EndProject
Project("{9A19103F-16F7-4668-BE54-9A1E7A4F7556}") = "R5T.B0007.X0001", "..\..\R5T.B0007.X0001\source\R5T.B0007.X0001\R5T.B0007.X0001.csproj", "{A3BD13D9-19E5-4F8B-885C-49C4DC55029A}"
EndProject
Project("{9A19103F-16F7-4668-BE54-9A1E7A4F7556}") = "R5T.B0007", "..\..\R5T.B0007\source\R5T.B0007\R5T.B0007.csproj", "{5A31F026-A8C4-41F6-9B3B-44AD63D1D3CB}"
EndProject
Project("{9A19103F-16F7-4668-BE54-9A1E7A4F7556}") = "R5T.F0007", "..\..\R5T.F0007\source\R5T.F0007\R5T.F0007.csproj", "{7338C99D-3512-4915-BD38-C5EEB07478DE}"
EndProject
Project("{9A19103F-16F7-4668-BE54-9A1E7A4F7556}") = "R5T.T0136", "..\..\R5T.T0136\source\R5T.T0136\R5T.T0136.csproj", "{92ACC7B4-B204-4D80-B74A-6C8E5772CA6D}"
EndProject
Project("{9A19103F-16F7-4668-BE54-9A1E7A4F7556}") = "R5T.B0007.X0003", "..\..\R5T.B0007.X0003\source\R5T.B0007.X0003\R5T.B0007.X0003.csproj", "{C2B00EBF-78F4-4E70-85FD-533D30F42D09}"
EndProject
Project("{9A19103F-16F7-4668-BE54-9A1E7A4F7556}") = "R5T.X0014", "..\..\R5T.X0014\source\R5T.X0014\R5T.X0014.csproj", "{CC83D82C-4AAB-493C-B38E-6B0096E13672}"
EndProject
Project("{9A19103F-16F7-4668-BE54-9A1E7A4F7556}") = "R5T.F0008", "..\..\R5T.F0008\source\R5T.F0008\R5T.F0008.csproj", "{1CED360D-1985-48A6-A3FB-65C27C7DAB38}"
EndProject
Project("{9A19103F-16F7-4668-BE54-9A1E7A4F7556}") = "R5T.B0006.X0005", "..\..\R5T.B0006.X0005\source\R5T.B0006.X0005\R5T.B0006.X0005.csproj", "{F2197FEE-6809-4DFD-BA9E-142F7424BB98}"
EndProject
Project("{9A19103F-16F7-4668-BE54-9A1E7A4F7556}") = "R5T.Z0003", "..\..\R5T.Z0003\source\R5T.Z0003\R5T.Z0003.csproj", "{1FFE019B-CCED-4D30-968E-72290E79B035}"
EndProject
Project("{9A19103F-16F7-4668-BE54-9A1E7A4F7556}") = "R5T.X0007", "..\..\R5T.X0007\source\R5T.X0007\R5T.X0007.csproj", "{7100C275-1153-4988-B965-417803C29EA4}"
EndProject
Project("{9A19103F-16F7-4668-BE54-9A1E7A4F7556}") = "R5T.B0006.X0002", "..\..\R5T.B0006.X0002\source\R5T.B0006.X0002\R5T.B0006.X0002.csproj", "{FDB571CB-94A2-419A-94B5-9E1FA66BDAE1}"
EndProject
Project("{9A19103F-16F7-4668-BE54-9A1E7A4F7556}") = "R5T.F0005", "..\..\R5T.F0005\source\R5T.F0005\R5T.F0005.csproj", "{85A24706-5854-4EFA-82FE-0B245F4A0ADB}"
EndProject
Project("{9A19103F-16F7-4668-BE54-9A1E7A4F7556}") = "R5T.X0008", "..\..\R5T.X0008\source\R5T.X0008\R5T.X0008.csproj", "{CAA8AA28-F121-433B-BC33-216876AC69B6}"
EndProject
Project("{9A19103F-16F7-4668-BE54-9A1E7A4F7556}") = "R5T.F0009", "..\..\R5T.F0009\source\R5T.F0009\R5T.F0009.csproj", "{A799D817-EF47-4A33-A2ED-69CD2A43B330}"
EndProject
Project("{9A19103F-16F7-4668-BE54-9A1E7A4F7556}") = "R5T.X0010", "..\..\R5T.X0010\source\R5T.X0010\R5T.X0010.csproj", "{79E0B11C-A04B-4039-9EE1-B436313B6D18}"
EndProject
Project("{9A19103F-16F7-4668-BE54-9A1E7A4F7556}") = "R5T.F0011", "..\..\R5T.F0011\source\R5T.F0011\R5T.F0011.csproj", "{FC526D32-BFE3-4B8B-832A-2975A4FCF131}"
EndProject
Project("{9A19103F-16F7-4668-BE54-9A1E7A4F7556}") = "R5T.X0009", "..\..\R5T.X0009\source\R5T.X0009\R5T.X0009.csproj", "{55D935F7-2F8A-4AD4-A934-902CF320662C}"
EndProject
Project("{9A19103F-16F7-4668-BE54-9A1E7A4F7556}") = "R5T.T0129", "..\..\R5T.T0129\source\R5T.T0129\R5T.T0129.csproj", "{CF3DDDCC-C72C-4649-A093-D9CFA8B9FCE6}"
EndProject
Project("{9A19103F-16F7-4668-BE54-9A1E7A4F7556}") = "R5T.T0138", "..\..\R5T.T0138\source\R5T.T0138\R5T.T0138.csproj", "{D3C703FD-523C-42F0-A290-DC7CA61A1333}"
EndProject
Project("{9A19103F-16F7-4668-BE54-9A1E7A4F7556}") = "R5T.X0011", "..\..\R5T.X0011\source\R5T.X0011\R5T.X0011.csproj", "{E05D4939-8307-416E-BAF5-C6EA3AE11DAB}"
EndProject
Project("{9A19103F-16F7-4668-BE54-9A1E7A4F7556}") = "R5T.B0006.X0006", "..\..\R5T.B0006.X0006\source\R5T.B0006.X0006\R5T.B0006.X0006.csproj", "{F82A5F47-9041-4C1E-AD7F-C32A284AF1AC}"
EndProject
Project("{9A19103F-16F7-4668-BE54-9A1E7A4F7556}") = "R5T.F0012", "..\..\R5T.F0012\source\R5T.F0012\R5T.F0012.csproj", "{ED974ACE-2DBD-4A26-84DA-3ADDAD00158F}"
EndProject
Project("{9A19103F-16F7-4668-BE54-9A1E7A4F7556}") = "R5T.T0135", "..\..\R5T.T0135\source\R5T.T0135\R5T.T0135.csproj", "{D188D09A-1E97-4B03-A539-3215AAD376F2}"
EndProject
Project("{9A19103F-16F7-4668-BE54-9A1E7A4F7556}") = "R5T.X0012", "..\..\R5T.X0012\source\R5T.X0012\R5T.X0012.csproj", "{D9889E4F-89FC-440C-B04E-AF2B6BCC3681}"
EndProject
Project("{9A19103F-16F7-4668-BE54-9A1E7A4F7556}") = "R5T.F0013", "..\..\R5T.F0013\source\R5T.F0013\R5T.F0013.csproj", "{EA65CB19-5E89-475F-AF7E-C9D6405640B4}"
EndProject
Project("{9A19103F-16F7-4668-BE54-9A1E7A4F7556}") = "R5T.T0134", "..\..\R5T.T0134\source\R5T.T0134\R5T.T0134.csproj", "{29A09120-8756-4552-A6F1-6A485C919DAF}"
EndProject
Project("{9A19103F-16F7-4668-BE54-9A1E7A4F7556}") = "R5T.X0013", "..\..\R5T.X0013\source\R5T.X0013\R5T.X0013.csproj", "{04FE4592-84A2-4749-A805-621449368413}"
EndProject
Project("{9A19103F-16F7-4668-BE54-9A1E7A4F7556}") = "R5T.X0015", "..\..\R5T.X0015\source\R5T.X0015\R5T.X0015.csproj", "{3AA97921-18A7-4C2C-A944-5404426148DC}"
EndProject
Global
	GlobalSection(SolutionConfigurationPlatforms) = preSolution
		Debug|Any CPU = Debug|Any CPU
		Debug|x64 = Debug|x64
		Debug|x86 = Debug|x86
		Release|Any CPU = Release|Any CPU
		Release|x64 = Release|x64
		Release|x86 = Release|x86
	EndGlobalSection
	GlobalSection(ProjectConfigurationPlatforms) = postSolution
		{2A13D841-E848-4323-A5CA-E9E2081CCDCB}.Debug|Any CPU.ActiveCfg = Debug|Any CPU
		{2A13D841-E848-4323-A5CA-E9E2081CCDCB}.Debug|Any CPU.Build.0 = Debug|Any CPU
		{2A13D841-E848-4323-A5CA-E9E2081CCDCB}.Debug|x64.ActiveCfg = Debug|Any CPU
		{2A13D841-E848-4323-A5CA-E9E2081CCDCB}.Debug|x64.Build.0 = Debug|Any CPU
		{2A13D841-E848-4323-A5CA-E9E2081CCDCB}.Debug|x86.ActiveCfg = Debug|Any CPU
		{2A13D841-E848-4323-A5CA-E9E2081CCDCB}.Debug|x86.Build.0 = Debug|Any CPU
		{2A13D841-E848-4323-A5CA-E9E2081CCDCB}.Release|Any CPU.ActiveCfg = Release|Any CPU
		{2A13D841-E848-4323-A5CA-E9E2081CCDCB}.Release|Any CPU.Build.0 = Release|Any CPU
		{2A13D841-E848-4323-A5CA-E9E2081CCDCB}.Release|x64.ActiveCfg = Release|Any CPU
		{2A13D841-E848-4323-A5CA-E9E2081CCDCB}.Release|x64.Build.0 = Release|Any CPU
		{2A13D841-E848-4323-A5CA-E9E2081CCDCB}.Release|x86.ActiveCfg = Release|Any CPU
		{2A13D841-E848-4323-A5CA-E9E2081CCDCB}.Release|x86.Build.0 = Release|Any CPU
		{068A69DA-A48E-4CEF-8783-484E9602D4D8}.Debug|Any CPU.ActiveCfg = Debug|Any CPU
		{068A69DA-A48E-4CEF-8783-484E9602D4D8}.Debug|Any CPU.Build.0 = Debug|Any CPU
		{068A69DA-A48E-4CEF-8783-484E9602D4D8}.Debug|x64.ActiveCfg = Debug|Any CPU
		{068A69DA-A48E-4CEF-8783-484E9602D4D8}.Debug|x64.Build.0 = Debug|Any CPU
		{068A69DA-A48E-4CEF-8783-484E9602D4D8}.Debug|x86.ActiveCfg = Debug|Any CPU
		{068A69DA-A48E-4CEF-8783-484E9602D4D8}.Debug|x86.Build.0 = Debug|Any CPU
		{068A69DA-A48E-4CEF-8783-484E9602D4D8}.Release|Any CPU.ActiveCfg = Release|Any CPU
		{068A69DA-A48E-4CEF-8783-484E9602D4D8}.Release|Any CPU.Build.0 = Release|Any CPU
		{068A69DA-A48E-4CEF-8783-484E9602D4D8}.Release|x64.ActiveCfg = Release|Any CPU
		{068A69DA-A48E-4CEF-8783-484E9602D4D8}.Release|x64.Build.0 = Release|Any CPU
		{068A69DA-A48E-4CEF-8783-484E9602D4D8}.Release|x86.ActiveCfg = Release|Any CPU
		{068A69DA-A48E-4CEF-8783-484E9602D4D8}.Release|x86.Build.0 = Release|Any CPU
		{9175A31D-8AFA-477A-9D87-1FB2B0205AE7}.Debug|Any CPU.ActiveCfg = Debug|Any CPU
		{9175A31D-8AFA-477A-9D87-1FB2B0205AE7}.Debug|Any CPU.Build.0 = Debug|Any CPU
		{9175A31D-8AFA-477A-9D87-1FB2B0205AE7}.Debug|x64.ActiveCfg = Debug|Any CPU
		{9175A31D-8AFA-477A-9D87-1FB2B0205AE7}.Debug|x64.Build.0 = Debug|Any CPU
		{9175A31D-8AFA-477A-9D87-1FB2B0205AE7}.Debug|x86.ActiveCfg = Debug|Any CPU
		{9175A31D-8AFA-477A-9D87-1FB2B0205AE7}.Debug|x86.Build.0 = Debug|Any CPU
		{9175A31D-8AFA-477A-9D87-1FB2B0205AE7}.Release|Any CPU.ActiveCfg = Release|Any CPU
		{9175A31D-8AFA-477A-9D87-1FB2B0205AE7}.Release|Any CPU.Build.0 = Release|Any CPU
		{9175A31D-8AFA-477A-9D87-1FB2B0205AE7}.Release|x64.ActiveCfg = Release|Any CPU
		{9175A31D-8AFA-477A-9D87-1FB2B0205AE7}.Release|x64.Build.0 = Release|Any CPU
		{9175A31D-8AFA-477A-9D87-1FB2B0205AE7}.Release|x86.ActiveCfg = Release|Any CPU
		{9175A31D-8AFA-477A-9D87-1FB2B0205AE7}.Release|x86.Build.0 = Release|Any CPU
		{ACFF8540-CE43-4051-876B-8519F448931A}.Debug|Any CPU.ActiveCfg = Debug|Any CPU
		{ACFF8540-CE43-4051-876B-8519F448931A}.Debug|Any CPU.Build.0 = Debug|Any CPU
		{ACFF8540-CE43-4051-876B-8519F448931A}.Debug|x64.ActiveCfg = Debug|Any CPU
		{ACFF8540-CE43-4051-876B-8519F448931A}.Debug|x64.Build.0 = Debug|Any CPU
		{ACFF8540-CE43-4051-876B-8519F448931A}.Debug|x86.ActiveCfg = Debug|Any CPU
		{ACFF8540-CE43-4051-876B-8519F448931A}.Debug|x86.Build.0 = Debug|Any CPU
		{ACFF8540-CE43-4051-876B-8519F448931A}.Release|Any CPU.ActiveCfg = Release|Any CPU
		{ACFF8540-CE43-4051-876B-8519F448931A}.Release|Any CPU.Build.0 = Release|Any CPU
		{ACFF8540-CE43-4051-876B-8519F448931A}.Release|x64.ActiveCfg = Release|Any CPU
		{ACFF8540-CE43-4051-876B-8519F448931A}.Release|x64.Build.0 = Release|Any CPU
		{ACFF8540-CE43-4051-876B-8519F448931A}.Release|x86.ActiveCfg = Release|Any CPU
		{ACFF8540-CE43-4051-876B-8519F448931A}.Release|x86.Build.0 = Release|Any CPU
		{15AE9E9F-F8F9-451B-8657-FC8CE5D80D2E}.Debug|Any CPU.ActiveCfg = Debug|Any CPU
		{15AE9E9F-F8F9-451B-8657-FC8CE5D80D2E}.Debug|Any CPU.Build.0 = Debug|Any CPU
		{15AE9E9F-F8F9-451B-8657-FC8CE5D80D2E}.Debug|x64.ActiveCfg = Debug|Any CPU
		{15AE9E9F-F8F9-451B-8657-FC8CE5D80D2E}.Debug|x64.Build.0 = Debug|Any CPU
		{15AE9E9F-F8F9-451B-8657-FC8CE5D80D2E}.Debug|x86.ActiveCfg = Debug|Any CPU
		{15AE9E9F-F8F9-451B-8657-FC8CE5D80D2E}.Debug|x86.Build.0 = Debug|Any CPU
		{15AE9E9F-F8F9-451B-8657-FC8CE5D80D2E}.Release|Any CPU.ActiveCfg = Release|Any CPU
		{15AE9E9F-F8F9-451B-8657-FC8CE5D80D2E}.Release|Any CPU.Build.0 = Release|Any CPU
		{15AE9E9F-F8F9-451B-8657-FC8CE5D80D2E}.Release|x64.ActiveCfg = Release|Any CPU
		{15AE9E9F-F8F9-451B-8657-FC8CE5D80D2E}.Release|x64.Build.0 = Release|Any CPU
		{15AE9E9F-F8F9-451B-8657-FC8CE5D80D2E}.Release|x86.ActiveCfg = Release|Any CPU
		{15AE9E9F-F8F9-451B-8657-FC8CE5D80D2E}.Release|x86.Build.0 = Release|Any CPU
		{96381233-C210-4C16-8850-8E8936DCBC2A}.Debug|Any CPU.ActiveCfg = Debug|Any CPU
		{96381233-C210-4C16-8850-8E8936DCBC2A}.Debug|Any CPU.Build.0 = Debug|Any CPU
		{96381233-C210-4C16-8850-8E8936DCBC2A}.Debug|x64.ActiveCfg = Debug|Any CPU
		{96381233-C210-4C16-8850-8E8936DCBC2A}.Debug|x64.Build.0 = Debug|Any CPU
		{96381233-C210-4C16-8850-8E8936DCBC2A}.Debug|x86.ActiveCfg = Debug|Any CPU
		{96381233-C210-4C16-8850-8E8936DCBC2A}.Debug|x86.Build.0 = Debug|Any CPU
		{96381233-C210-4C16-8850-8E8936DCBC2A}.Release|Any CPU.ActiveCfg = Release|Any CPU
		{96381233-C210-4C16-8850-8E8936DCBC2A}.Release|Any CPU.Build.0 = Release|Any CPU
		{96381233-C210-4C16-8850-8E8936DCBC2A}.Release|x64.ActiveCfg = Release|Any CPU
		{96381233-C210-4C16-8850-8E8936DCBC2A}.Release|x64.Build.0 = Release|Any CPU
		{96381233-C210-4C16-8850-8E8936DCBC2A}.Release|x86.ActiveCfg = Release|Any CPU
		{96381233-C210-4C16-8850-8E8936DCBC2A}.Release|x86.Build.0 = Release|Any CPU
		{7CEDE099-6B57-4B1B-B5A3-FCD1F89B7A9E}.Debug|Any CPU.ActiveCfg = Debug|Any CPU
		{7CEDE099-6B57-4B1B-B5A3-FCD1F89B7A9E}.Debug|Any CPU.Build.0 = Debug|Any CPU
		{7CEDE099-6B57-4B1B-B5A3-FCD1F89B7A9E}.Debug|x64.ActiveCfg = Debug|Any CPU
		{7CEDE099-6B57-4B1B-B5A3-FCD1F89B7A9E}.Debug|x64.Build.0 = Debug|Any CPU
		{7CEDE099-6B57-4B1B-B5A3-FCD1F89B7A9E}.Debug|x86.ActiveCfg = Debug|Any CPU
		{7CEDE099-6B57-4B1B-B5A3-FCD1F89B7A9E}.Debug|x86.Build.0 = Debug|Any CPU
		{7CEDE099-6B57-4B1B-B5A3-FCD1F89B7A9E}.Release|Any CPU.ActiveCfg = Release|Any CPU
		{7CEDE099-6B57-4B1B-B5A3-FCD1F89B7A9E}.Release|Any CPU.Build.0 = Release|Any CPU
		{7CEDE099-6B57-4B1B-B5A3-FCD1F89B7A9E}.Release|x64.ActiveCfg = Release|Any CPU
		{7CEDE099-6B57-4B1B-B5A3-FCD1F89B7A9E}.Release|x64.Build.0 = Release|Any CPU
		{7CEDE099-6B57-4B1B-B5A3-FCD1F89B7A9E}.Release|x86.ActiveCfg = Release|Any CPU
		{7CEDE099-6B57-4B1B-B5A3-FCD1F89B7A9E}.Release|x86.Build.0 = Release|Any CPU
		{9BC71A29-9677-4DBE-97CF-82CFE346177C}.Debug|Any CPU.ActiveCfg = Debug|Any CPU
		{9BC71A29-9677-4DBE-97CF-82CFE346177C}.Debug|Any CPU.Build.0 = Debug|Any CPU
		{9BC71A29-9677-4DBE-97CF-82CFE346177C}.Debug|x64.ActiveCfg = Debug|Any CPU
		{9BC71A29-9677-4DBE-97CF-82CFE346177C}.Debug|x64.Build.0 = Debug|Any CPU
		{9BC71A29-9677-4DBE-97CF-82CFE346177C}.Debug|x86.ActiveCfg = Debug|Any CPU
		{9BC71A29-9677-4DBE-97CF-82CFE346177C}.Debug|x86.Build.0 = Debug|Any CPU
		{9BC71A29-9677-4DBE-97CF-82CFE346177C}.Release|Any CPU.ActiveCfg = Release|Any CPU
		{9BC71A29-9677-4DBE-97CF-82CFE346177C}.Release|Any CPU.Build.0 = Release|Any CPU
		{9BC71A29-9677-4DBE-97CF-82CFE346177C}.Release|x64.ActiveCfg = Release|Any CPU
		{9BC71A29-9677-4DBE-97CF-82CFE346177C}.Release|x64.Build.0 = Release|Any CPU
		{9BC71A29-9677-4DBE-97CF-82CFE346177C}.Release|x86.ActiveCfg = Release|Any CPU
		{9BC71A29-9677-4DBE-97CF-82CFE346177C}.Release|x86.Build.0 = Release|Any CPU
		{F39DB487-0518-4425-B6FC-6AF3932E6512}.Debug|Any CPU.ActiveCfg = Debug|Any CPU
		{F39DB487-0518-4425-B6FC-6AF3932E6512}.Debug|Any CPU.Build.0 = Debug|Any CPU
		{F39DB487-0518-4425-B6FC-6AF3932E6512}.Debug|x64.ActiveCfg = Debug|Any CPU
		{F39DB487-0518-4425-B6FC-6AF3932E6512}.Debug|x64.Build.0 = Debug|Any CPU
		{F39DB487-0518-4425-B6FC-6AF3932E6512}.Debug|x86.ActiveCfg = Debug|Any CPU
		{F39DB487-0518-4425-B6FC-6AF3932E6512}.Debug|x86.Build.0 = Debug|Any CPU
		{F39DB487-0518-4425-B6FC-6AF3932E6512}.Release|Any CPU.ActiveCfg = Release|Any CPU
		{F39DB487-0518-4425-B6FC-6AF3932E6512}.Release|Any CPU.Build.0 = Release|Any CPU
		{F39DB487-0518-4425-B6FC-6AF3932E6512}.Release|x64.ActiveCfg = Release|Any CPU
		{F39DB487-0518-4425-B6FC-6AF3932E6512}.Release|x64.Build.0 = Release|Any CPU
		{F39DB487-0518-4425-B6FC-6AF3932E6512}.Release|x86.ActiveCfg = Release|Any CPU
		{F39DB487-0518-4425-B6FC-6AF3932E6512}.Release|x86.Build.0 = Release|Any CPU
		{EC40B48B-397F-4B50-85A6-271E813699B9}.Debug|Any CPU.ActiveCfg = Debug|Any CPU
		{EC40B48B-397F-4B50-85A6-271E813699B9}.Debug|Any CPU.Build.0 = Debug|Any CPU
		{EC40B48B-397F-4B50-85A6-271E813699B9}.Debug|x64.ActiveCfg = Debug|Any CPU
		{EC40B48B-397F-4B50-85A6-271E813699B9}.Debug|x64.Build.0 = Debug|Any CPU
		{EC40B48B-397F-4B50-85A6-271E813699B9}.Debug|x86.ActiveCfg = Debug|Any CPU
		{EC40B48B-397F-4B50-85A6-271E813699B9}.Debug|x86.Build.0 = Debug|Any CPU
		{EC40B48B-397F-4B50-85A6-271E813699B9}.Release|Any CPU.ActiveCfg = Release|Any CPU
		{EC40B48B-397F-4B50-85A6-271E813699B9}.Release|Any CPU.Build.0 = Release|Any CPU
		{EC40B48B-397F-4B50-85A6-271E813699B9}.Release|x64.ActiveCfg = Release|Any CPU
		{EC40B48B-397F-4B50-85A6-271E813699B9}.Release|x64.Build.0 = Release|Any CPU
		{EC40B48B-397F-4B50-85A6-271E813699B9}.Release|x86.ActiveCfg = Release|Any CPU
		{EC40B48B-397F-4B50-85A6-271E813699B9}.Release|x86.Build.0 = Release|Any CPU
		{CE4A06C1-19BD-464C-9208-D6B57D23E8E3}.Debug|Any CPU.ActiveCfg = Debug|Any CPU
		{CE4A06C1-19BD-464C-9208-D6B57D23E8E3}.Debug|Any CPU.Build.0 = Debug|Any CPU
		{CE4A06C1-19BD-464C-9208-D6B57D23E8E3}.Debug|x64.ActiveCfg = Debug|Any CPU
		{CE4A06C1-19BD-464C-9208-D6B57D23E8E3}.Debug|x64.Build.0 = Debug|Any CPU
		{CE4A06C1-19BD-464C-9208-D6B57D23E8E3}.Debug|x86.ActiveCfg = Debug|Any CPU
		{CE4A06C1-19BD-464C-9208-D6B57D23E8E3}.Debug|x86.Build.0 = Debug|Any CPU
		{CE4A06C1-19BD-464C-9208-D6B57D23E8E3}.Release|Any CPU.ActiveCfg = Release|Any CPU
		{CE4A06C1-19BD-464C-9208-D6B57D23E8E3}.Release|Any CPU.Build.0 = Release|Any CPU
		{CE4A06C1-19BD-464C-9208-D6B57D23E8E3}.Release|x64.ActiveCfg = Release|Any CPU
		{CE4A06C1-19BD-464C-9208-D6B57D23E8E3}.Release|x64.Build.0 = Release|Any CPU
		{CE4A06C1-19BD-464C-9208-D6B57D23E8E3}.Release|x86.ActiveCfg = Release|Any CPU
		{CE4A06C1-19BD-464C-9208-D6B57D23E8E3}.Release|x86.Build.0 = Release|Any CPU
		{2889583F-6028-4FCD-BBC1-9082E58B0710}.Debug|Any CPU.ActiveCfg = Debug|Any CPU
		{2889583F-6028-4FCD-BBC1-9082E58B0710}.Debug|Any CPU.Build.0 = Debug|Any CPU
		{2889583F-6028-4FCD-BBC1-9082E58B0710}.Debug|x64.ActiveCfg = Debug|Any CPU
		{2889583F-6028-4FCD-BBC1-9082E58B0710}.Debug|x64.Build.0 = Debug|Any CPU
		{2889583F-6028-4FCD-BBC1-9082E58B0710}.Debug|x86.ActiveCfg = Debug|Any CPU
		{2889583F-6028-4FCD-BBC1-9082E58B0710}.Debug|x86.Build.0 = Debug|Any CPU
		{2889583F-6028-4FCD-BBC1-9082E58B0710}.Release|Any CPU.ActiveCfg = Release|Any CPU
		{2889583F-6028-4FCD-BBC1-9082E58B0710}.Release|Any CPU.Build.0 = Release|Any CPU
		{2889583F-6028-4FCD-BBC1-9082E58B0710}.Release|x64.ActiveCfg = Release|Any CPU
		{2889583F-6028-4FCD-BBC1-9082E58B0710}.Release|x64.Build.0 = Release|Any CPU
		{2889583F-6028-4FCD-BBC1-9082E58B0710}.Release|x86.ActiveCfg = Release|Any CPU
		{2889583F-6028-4FCD-BBC1-9082E58B0710}.Release|x86.Build.0 = Release|Any CPU
		{AED1F2A3-8D44-4961-8A2A-A9AE447C6D8B}.Debug|Any CPU.ActiveCfg = Debug|Any CPU
		{AED1F2A3-8D44-4961-8A2A-A9AE447C6D8B}.Debug|Any CPU.Build.0 = Debug|Any CPU
		{AED1F2A3-8D44-4961-8A2A-A9AE447C6D8B}.Debug|x64.ActiveCfg = Debug|Any CPU
		{AED1F2A3-8D44-4961-8A2A-A9AE447C6D8B}.Debug|x64.Build.0 = Debug|Any CPU
		{AED1F2A3-8D44-4961-8A2A-A9AE447C6D8B}.Debug|x86.ActiveCfg = Debug|Any CPU
		{AED1F2A3-8D44-4961-8A2A-A9AE447C6D8B}.Debug|x86.Build.0 = Debug|Any CPU
		{AED1F2A3-8D44-4961-8A2A-A9AE447C6D8B}.Release|Any CPU.ActiveCfg = Release|Any CPU
		{AED1F2A3-8D44-4961-8A2A-A9AE447C6D8B}.Release|Any CPU.Build.0 = Release|Any CPU
		{AED1F2A3-8D44-4961-8A2A-A9AE447C6D8B}.Release|x64.ActiveCfg = Release|Any CPU
		{AED1F2A3-8D44-4961-8A2A-A9AE447C6D8B}.Release|x64.Build.0 = Release|Any CPU
		{AED1F2A3-8D44-4961-8A2A-A9AE447C6D8B}.Release|x86.ActiveCfg = Release|Any CPU
		{AED1F2A3-8D44-4961-8A2A-A9AE447C6D8B}.Release|x86.Build.0 = Release|Any CPU
		{E0489C04-BE26-4EAA-9570-60ED24A5FFEB}.Debug|Any CPU.ActiveCfg = Debug|Any CPU
		{E0489C04-BE26-4EAA-9570-60ED24A5FFEB}.Debug|Any CPU.Build.0 = Debug|Any CPU
		{E0489C04-BE26-4EAA-9570-60ED24A5FFEB}.Debug|x64.ActiveCfg = Debug|Any CPU
		{E0489C04-BE26-4EAA-9570-60ED24A5FFEB}.Debug|x64.Build.0 = Debug|Any CPU
		{E0489C04-BE26-4EAA-9570-60ED24A5FFEB}.Debug|x86.ActiveCfg = Debug|Any CPU
		{E0489C04-BE26-4EAA-9570-60ED24A5FFEB}.Debug|x86.Build.0 = Debug|Any CPU
		{E0489C04-BE26-4EAA-9570-60ED24A5FFEB}.Release|Any CPU.ActiveCfg = Release|Any CPU
		{E0489C04-BE26-4EAA-9570-60ED24A5FFEB}.Release|Any CPU.Build.0 = Release|Any CPU
		{E0489C04-BE26-4EAA-9570-60ED24A5FFEB}.Release|x64.ActiveCfg = Release|Any CPU
		{E0489C04-BE26-4EAA-9570-60ED24A5FFEB}.Release|x64.Build.0 = Release|Any CPU
		{E0489C04-BE26-4EAA-9570-60ED24A5FFEB}.Release|x86.ActiveCfg = Release|Any CPU
		{E0489C04-BE26-4EAA-9570-60ED24A5FFEB}.Release|x86.Build.0 = Release|Any CPU
		{05AD519A-8DB4-4414-A253-6B73FE66011C}.Debug|Any CPU.ActiveCfg = Debug|Any CPU
		{05AD519A-8DB4-4414-A253-6B73FE66011C}.Debug|Any CPU.Build.0 = Debug|Any CPU
		{05AD519A-8DB4-4414-A253-6B73FE66011C}.Debug|x64.ActiveCfg = Debug|Any CPU
		{05AD519A-8DB4-4414-A253-6B73FE66011C}.Debug|x64.Build.0 = Debug|Any CPU
		{05AD519A-8DB4-4414-A253-6B73FE66011C}.Debug|x86.ActiveCfg = Debug|Any CPU
		{05AD519A-8DB4-4414-A253-6B73FE66011C}.Debug|x86.Build.0 = Debug|Any CPU
		{05AD519A-8DB4-4414-A253-6B73FE66011C}.Release|Any CPU.ActiveCfg = Release|Any CPU
		{05AD519A-8DB4-4414-A253-6B73FE66011C}.Release|Any CPU.Build.0 = Release|Any CPU
		{05AD519A-8DB4-4414-A253-6B73FE66011C}.Release|x64.ActiveCfg = Release|Any CPU
		{05AD519A-8DB4-4414-A253-6B73FE66011C}.Release|x64.Build.0 = Release|Any CPU
		{05AD519A-8DB4-4414-A253-6B73FE66011C}.Release|x86.ActiveCfg = Release|Any CPU
		{05AD519A-8DB4-4414-A253-6B73FE66011C}.Release|x86.Build.0 = Release|Any CPU
		{D29C5B58-22AC-41B5-AA2E-32B8222B0350}.Debug|Any CPU.ActiveCfg = Debug|Any CPU
		{D29C5B58-22AC-41B5-AA2E-32B8222B0350}.Debug|Any CPU.Build.0 = Debug|Any CPU
		{D29C5B58-22AC-41B5-AA2E-32B8222B0350}.Debug|x64.ActiveCfg = Debug|Any CPU
		{D29C5B58-22AC-41B5-AA2E-32B8222B0350}.Debug|x64.Build.0 = Debug|Any CPU
		{D29C5B58-22AC-41B5-AA2E-32B8222B0350}.Debug|x86.ActiveCfg = Debug|Any CPU
		{D29C5B58-22AC-41B5-AA2E-32B8222B0350}.Debug|x86.Build.0 = Debug|Any CPU
		{D29C5B58-22AC-41B5-AA2E-32B8222B0350}.Release|Any CPU.ActiveCfg = Release|Any CPU
		{D29C5B58-22AC-41B5-AA2E-32B8222B0350}.Release|Any CPU.Build.0 = Release|Any CPU
		{D29C5B58-22AC-41B5-AA2E-32B8222B0350}.Release|x64.ActiveCfg = Release|Any CPU
		{D29C5B58-22AC-41B5-AA2E-32B8222B0350}.Release|x64.Build.0 = Release|Any CPU
		{D29C5B58-22AC-41B5-AA2E-32B8222B0350}.Release|x86.ActiveCfg = Release|Any CPU
		{D29C5B58-22AC-41B5-AA2E-32B8222B0350}.Release|x86.Build.0 = Release|Any CPU
		{5B68195D-A4F5-4CB8-8C11-9DDD185EA29D}.Debug|Any CPU.ActiveCfg = Debug|Any CPU
		{5B68195D-A4F5-4CB8-8C11-9DDD185EA29D}.Debug|Any CPU.Build.0 = Debug|Any CPU
		{5B68195D-A4F5-4CB8-8C11-9DDD185EA29D}.Debug|x64.ActiveCfg = Debug|Any CPU
		{5B68195D-A4F5-4CB8-8C11-9DDD185EA29D}.Debug|x64.Build.0 = Debug|Any CPU
		{5B68195D-A4F5-4CB8-8C11-9DDD185EA29D}.Debug|x86.ActiveCfg = Debug|Any CPU
		{5B68195D-A4F5-4CB8-8C11-9DDD185EA29D}.Debug|x86.Build.0 = Debug|Any CPU
		{5B68195D-A4F5-4CB8-8C11-9DDD185EA29D}.Release|Any CPU.ActiveCfg = Release|Any CPU
		{5B68195D-A4F5-4CB8-8C11-9DDD185EA29D}.Release|Any CPU.Build.0 = Release|Any CPU
		{5B68195D-A4F5-4CB8-8C11-9DDD185EA29D}.Release|x64.ActiveCfg = Release|Any CPU
		{5B68195D-A4F5-4CB8-8C11-9DDD185EA29D}.Release|x64.Build.0 = Release|Any CPU
		{5B68195D-A4F5-4CB8-8C11-9DDD185EA29D}.Release|x86.ActiveCfg = Release|Any CPU
		{5B68195D-A4F5-4CB8-8C11-9DDD185EA29D}.Release|x86.Build.0 = Release|Any CPU
		{AC8096C8-A054-46BA-B644-30479F3E61E0}.Debug|Any CPU.ActiveCfg = Debug|Any CPU
		{AC8096C8-A054-46BA-B644-30479F3E61E0}.Debug|Any CPU.Build.0 = Debug|Any CPU
		{AC8096C8-A054-46BA-B644-30479F3E61E0}.Debug|x64.ActiveCfg = Debug|Any CPU
		{AC8096C8-A054-46BA-B644-30479F3E61E0}.Debug|x64.Build.0 = Debug|Any CPU
		{AC8096C8-A054-46BA-B644-30479F3E61E0}.Debug|x86.ActiveCfg = Debug|Any CPU
		{AC8096C8-A054-46BA-B644-30479F3E61E0}.Debug|x86.Build.0 = Debug|Any CPU
		{AC8096C8-A054-46BA-B644-30479F3E61E0}.Release|Any CPU.ActiveCfg = Release|Any CPU
		{AC8096C8-A054-46BA-B644-30479F3E61E0}.Release|Any CPU.Build.0 = Release|Any CPU
		{AC8096C8-A054-46BA-B644-30479F3E61E0}.Release|x64.ActiveCfg = Release|Any CPU
		{AC8096C8-A054-46BA-B644-30479F3E61E0}.Release|x64.Build.0 = Release|Any CPU
		{AC8096C8-A054-46BA-B644-30479F3E61E0}.Release|x86.ActiveCfg = Release|Any CPU
		{AC8096C8-A054-46BA-B644-30479F3E61E0}.Release|x86.Build.0 = Release|Any CPU
		{A3BD13D9-19E5-4F8B-885C-49C4DC55029A}.Debug|Any CPU.ActiveCfg = Debug|Any CPU
		{A3BD13D9-19E5-4F8B-885C-49C4DC55029A}.Debug|Any CPU.Build.0 = Debug|Any CPU
		{A3BD13D9-19E5-4F8B-885C-49C4DC55029A}.Debug|x64.ActiveCfg = Debug|Any CPU
		{A3BD13D9-19E5-4F8B-885C-49C4DC55029A}.Debug|x64.Build.0 = Debug|Any CPU
		{A3BD13D9-19E5-4F8B-885C-49C4DC55029A}.Debug|x86.ActiveCfg = Debug|Any CPU
		{A3BD13D9-19E5-4F8B-885C-49C4DC55029A}.Debug|x86.Build.0 = Debug|Any CPU
		{A3BD13D9-19E5-4F8B-885C-49C4DC55029A}.Release|Any CPU.ActiveCfg = Release|Any CPU
		{A3BD13D9-19E5-4F8B-885C-49C4DC55029A}.Release|Any CPU.Build.0 = Release|Any CPU
		{A3BD13D9-19E5-4F8B-885C-49C4DC55029A}.Release|x64.ActiveCfg = Release|Any CPU
		{A3BD13D9-19E5-4F8B-885C-49C4DC55029A}.Release|x64.Build.0 = Release|Any CPU
		{A3BD13D9-19E5-4F8B-885C-49C4DC55029A}.Release|x86.ActiveCfg = Release|Any CPU
		{A3BD13D9-19E5-4F8B-885C-49C4DC55029A}.Release|x86.Build.0 = Release|Any CPU
		{5A31F026-A8C4-41F6-9B3B-44AD63D1D3CB}.Debug|Any CPU.ActiveCfg = Debug|Any CPU
		{5A31F026-A8C4-41F6-9B3B-44AD63D1D3CB}.Debug|Any CPU.Build.0 = Debug|Any CPU
		{5A31F026-A8C4-41F6-9B3B-44AD63D1D3CB}.Debug|x64.ActiveCfg = Debug|Any CPU
		{5A31F026-A8C4-41F6-9B3B-44AD63D1D3CB}.Debug|x64.Build.0 = Debug|Any CPU
		{5A31F026-A8C4-41F6-9B3B-44AD63D1D3CB}.Debug|x86.ActiveCfg = Debug|Any CPU
		{5A31F026-A8C4-41F6-9B3B-44AD63D1D3CB}.Debug|x86.Build.0 = Debug|Any CPU
		{5A31F026-A8C4-41F6-9B3B-44AD63D1D3CB}.Release|Any CPU.ActiveCfg = Release|Any CPU
		{5A31F026-A8C4-41F6-9B3B-44AD63D1D3CB}.Release|Any CPU.Build.0 = Release|Any CPU
		{5A31F026-A8C4-41F6-9B3B-44AD63D1D3CB}.Release|x64.ActiveCfg = Release|Any CPU
		{5A31F026-A8C4-41F6-9B3B-44AD63D1D3CB}.Release|x64.Build.0 = Release|Any CPU
		{5A31F026-A8C4-41F6-9B3B-44AD63D1D3CB}.Release|x86.ActiveCfg = Release|Any CPU
		{5A31F026-A8C4-41F6-9B3B-44AD63D1D3CB}.Release|x86.Build.0 = Release|Any CPU
		{7338C99D-3512-4915-BD38-C5EEB07478DE}.Debug|Any CPU.ActiveCfg = Debug|Any CPU
		{7338C99D-3512-4915-BD38-C5EEB07478DE}.Debug|Any CPU.Build.0 = Debug|Any CPU
		{7338C99D-3512-4915-BD38-C5EEB07478DE}.Debug|x64.ActiveCfg = Debug|Any CPU
		{7338C99D-3512-4915-BD38-C5EEB07478DE}.Debug|x64.Build.0 = Debug|Any CPU
		{7338C99D-3512-4915-BD38-C5EEB07478DE}.Debug|x86.ActiveCfg = Debug|Any CPU
		{7338C99D-3512-4915-BD38-C5EEB07478DE}.Debug|x86.Build.0 = Debug|Any CPU
		{7338C99D-3512-4915-BD38-C5EEB07478DE}.Release|Any CPU.ActiveCfg = Release|Any CPU
		{7338C99D-3512-4915-BD38-C5EEB07478DE}.Release|Any CPU.Build.0 = Release|Any CPU
		{7338C99D-3512-4915-BD38-C5EEB07478DE}.Release|x64.ActiveCfg = Release|Any CPU
		{7338C99D-3512-4915-BD38-C5EEB07478DE}.Release|x64.Build.0 = Release|Any CPU
		{7338C99D-3512-4915-BD38-C5EEB07478DE}.Release|x86.ActiveCfg = Release|Any CPU
		{7338C99D-3512-4915-BD38-C5EEB07478DE}.Release|x86.Build.0 = Release|Any CPU
		{92ACC7B4-B204-4D80-B74A-6C8E5772CA6D}.Debug|Any CPU.ActiveCfg = Debug|Any CPU
		{92ACC7B4-B204-4D80-B74A-6C8E5772CA6D}.Debug|Any CPU.Build.0 = Debug|Any CPU
		{92ACC7B4-B204-4D80-B74A-6C8E5772CA6D}.Debug|x64.ActiveCfg = Debug|Any CPU
		{92ACC7B4-B204-4D80-B74A-6C8E5772CA6D}.Debug|x64.Build.0 = Debug|Any CPU
		{92ACC7B4-B204-4D80-B74A-6C8E5772CA6D}.Debug|x86.ActiveCfg = Debug|Any CPU
		{92ACC7B4-B204-4D80-B74A-6C8E5772CA6D}.Debug|x86.Build.0 = Debug|Any CPU
		{92ACC7B4-B204-4D80-B74A-6C8E5772CA6D}.Release|Any CPU.ActiveCfg = Release|Any CPU
		{92ACC7B4-B204-4D80-B74A-6C8E5772CA6D}.Release|Any CPU.Build.0 = Release|Any CPU
		{92ACC7B4-B204-4D80-B74A-6C8E5772CA6D}.Release|x64.ActiveCfg = Release|Any CPU
		{92ACC7B4-B204-4D80-B74A-6C8E5772CA6D}.Release|x64.Build.0 = Release|Any CPU
		{92ACC7B4-B204-4D80-B74A-6C8E5772CA6D}.Release|x86.ActiveCfg = Release|Any CPU
		{92ACC7B4-B204-4D80-B74A-6C8E5772CA6D}.Release|x86.Build.0 = Release|Any CPU
		{C2B00EBF-78F4-4E70-85FD-533D30F42D09}.Debug|Any CPU.ActiveCfg = Debug|Any CPU
		{C2B00EBF-78F4-4E70-85FD-533D30F42D09}.Debug|Any CPU.Build.0 = Debug|Any CPU
		{C2B00EBF-78F4-4E70-85FD-533D30F42D09}.Debug|x64.ActiveCfg = Debug|Any CPU
		{C2B00EBF-78F4-4E70-85FD-533D30F42D09}.Debug|x64.Build.0 = Debug|Any CPU
		{C2B00EBF-78F4-4E70-85FD-533D30F42D09}.Debug|x86.ActiveCfg = Debug|Any CPU
		{C2B00EBF-78F4-4E70-85FD-533D30F42D09}.Debug|x86.Build.0 = Debug|Any CPU
		{C2B00EBF-78F4-4E70-85FD-533D30F42D09}.Release|Any CPU.ActiveCfg = Release|Any CPU
		{C2B00EBF-78F4-4E70-85FD-533D30F42D09}.Release|Any CPU.Build.0 = Release|Any CPU
		{C2B00EBF-78F4-4E70-85FD-533D30F42D09}.Release|x64.ActiveCfg = Release|Any CPU
		{C2B00EBF-78F4-4E70-85FD-533D30F42D09}.Release|x64.Build.0 = Release|Any CPU
		{C2B00EBF-78F4-4E70-85FD-533D30F42D09}.Release|x86.ActiveCfg = Release|Any CPU
		{C2B00EBF-78F4-4E70-85FD-533D30F42D09}.Release|x86.Build.0 = Release|Any CPU
		{CC83D82C-4AAB-493C-B38E-6B0096E13672}.Debug|Any CPU.ActiveCfg = Debug|Any CPU
		{CC83D82C-4AAB-493C-B38E-6B0096E13672}.Debug|Any CPU.Build.0 = Debug|Any CPU
		{CC83D82C-4AAB-493C-B38E-6B0096E13672}.Debug|x64.ActiveCfg = Debug|Any CPU
		{CC83D82C-4AAB-493C-B38E-6B0096E13672}.Debug|x64.Build.0 = Debug|Any CPU
		{CC83D82C-4AAB-493C-B38E-6B0096E13672}.Debug|x86.ActiveCfg = Debug|Any CPU
		{CC83D82C-4AAB-493C-B38E-6B0096E13672}.Debug|x86.Build.0 = Debug|Any CPU
		{CC83D82C-4AAB-493C-B38E-6B0096E13672}.Release|Any CPU.ActiveCfg = Release|Any CPU
		{CC83D82C-4AAB-493C-B38E-6B0096E13672}.Release|Any CPU.Build.0 = Release|Any CPU
		{CC83D82C-4AAB-493C-B38E-6B0096E13672}.Release|x64.ActiveCfg = Release|Any CPU
		{CC83D82C-4AAB-493C-B38E-6B0096E13672}.Release|x64.Build.0 = Release|Any CPU
		{CC83D82C-4AAB-493C-B38E-6B0096E13672}.Release|x86.ActiveCfg = Release|Any CPU
		{CC83D82C-4AAB-493C-B38E-6B0096E13672}.Release|x86.Build.0 = Release|Any CPU
		{1CED360D-1985-48A6-A3FB-65C27C7DAB38}.Debug|Any CPU.ActiveCfg = Debug|Any CPU
		{1CED360D-1985-48A6-A3FB-65C27C7DAB38}.Debug|Any CPU.Build.0 = Debug|Any CPU
		{1CED360D-1985-48A6-A3FB-65C27C7DAB38}.Debug|x64.ActiveCfg = Debug|Any CPU
		{1CED360D-1985-48A6-A3FB-65C27C7DAB38}.Debug|x64.Build.0 = Debug|Any CPU
		{1CED360D-1985-48A6-A3FB-65C27C7DAB38}.Debug|x86.ActiveCfg = Debug|Any CPU
		{1CED360D-1985-48A6-A3FB-65C27C7DAB38}.Debug|x86.Build.0 = Debug|Any CPU
		{1CED360D-1985-48A6-A3FB-65C27C7DAB38}.Release|Any CPU.ActiveCfg = Release|Any CPU
		{1CED360D-1985-48A6-A3FB-65C27C7DAB38}.Release|Any CPU.Build.0 = Release|Any CPU
		{1CED360D-1985-48A6-A3FB-65C27C7DAB38}.Release|x64.ActiveCfg = Release|Any CPU
		{1CED360D-1985-48A6-A3FB-65C27C7DAB38}.Release|x64.Build.0 = Release|Any CPU
		{1CED360D-1985-48A6-A3FB-65C27C7DAB38}.Release|x86.ActiveCfg = Release|Any CPU
		{1CED360D-1985-48A6-A3FB-65C27C7DAB38}.Release|x86.Build.0 = Release|Any CPU
		{F2197FEE-6809-4DFD-BA9E-142F7424BB98}.Debug|Any CPU.ActiveCfg = Debug|Any CPU
		{F2197FEE-6809-4DFD-BA9E-142F7424BB98}.Debug|Any CPU.Build.0 = Debug|Any CPU
		{F2197FEE-6809-4DFD-BA9E-142F7424BB98}.Debug|x64.ActiveCfg = Debug|Any CPU
		{F2197FEE-6809-4DFD-BA9E-142F7424BB98}.Debug|x64.Build.0 = Debug|Any CPU
		{F2197FEE-6809-4DFD-BA9E-142F7424BB98}.Debug|x86.ActiveCfg = Debug|Any CPU
		{F2197FEE-6809-4DFD-BA9E-142F7424BB98}.Debug|x86.Build.0 = Debug|Any CPU
		{F2197FEE-6809-4DFD-BA9E-142F7424BB98}.Release|Any CPU.ActiveCfg = Release|Any CPU
		{F2197FEE-6809-4DFD-BA9E-142F7424BB98}.Release|Any CPU.Build.0 = Release|Any CPU
		{F2197FEE-6809-4DFD-BA9E-142F7424BB98}.Release|x64.ActiveCfg = Release|Any CPU
		{F2197FEE-6809-4DFD-BA9E-142F7424BB98}.Release|x64.Build.0 = Release|Any CPU
		{F2197FEE-6809-4DFD-BA9E-142F7424BB98}.Release|x86.ActiveCfg = Release|Any CPU
		{F2197FEE-6809-4DFD-BA9E-142F7424BB98}.Release|x86.Build.0 = Release|Any CPU
		{1FFE019B-CCED-4D30-968E-72290E79B035}.Debug|Any CPU.ActiveCfg = Debug|Any CPU
		{1FFE019B-CCED-4D30-968E-72290E79B035}.Debug|Any CPU.Build.0 = Debug|Any CPU
		{1FFE019B-CCED-4D30-968E-72290E79B035}.Debug|x64.ActiveCfg = Debug|Any CPU
		{1FFE019B-CCED-4D30-968E-72290E79B035}.Debug|x64.Build.0 = Debug|Any CPU
		{1FFE019B-CCED-4D30-968E-72290E79B035}.Debug|x86.ActiveCfg = Debug|Any CPU
		{1FFE019B-CCED-4D30-968E-72290E79B035}.Debug|x86.Build.0 = Debug|Any CPU
		{1FFE019B-CCED-4D30-968E-72290E79B035}.Release|Any CPU.ActiveCfg = Release|Any CPU
		{1FFE019B-CCED-4D30-968E-72290E79B035}.Release|Any CPU.Build.0 = Release|Any CPU
		{1FFE019B-CCED-4D30-968E-72290E79B035}.Release|x64.ActiveCfg = Release|Any CPU
		{1FFE019B-CCED-4D30-968E-72290E79B035}.Release|x64.Build.0 = Release|Any CPU
		{1FFE019B-CCED-4D30-968E-72290E79B035}.Release|x86.ActiveCfg = Release|Any CPU
		{1FFE019B-CCED-4D30-968E-72290E79B035}.Release|x86.Build.0 = Release|Any CPU
		{7100C275-1153-4988-B965-417803C29EA4}.Debug|Any CPU.ActiveCfg = Debug|Any CPU
		{7100C275-1153-4988-B965-417803C29EA4}.Debug|Any CPU.Build.0 = Debug|Any CPU
		{7100C275-1153-4988-B965-417803C29EA4}.Debug|x64.ActiveCfg = Debug|Any CPU
		{7100C275-1153-4988-B965-417803C29EA4}.Debug|x64.Build.0 = Debug|Any CPU
		{7100C275-1153-4988-B965-417803C29EA4}.Debug|x86.ActiveCfg = Debug|Any CPU
		{7100C275-1153-4988-B965-417803C29EA4}.Debug|x86.Build.0 = Debug|Any CPU
		{7100C275-1153-4988-B965-417803C29EA4}.Release|Any CPU.ActiveCfg = Release|Any CPU
		{7100C275-1153-4988-B965-417803C29EA4}.Release|Any CPU.Build.0 = Release|Any CPU
		{7100C275-1153-4988-B965-417803C29EA4}.Release|x64.ActiveCfg = Release|Any CPU
		{7100C275-1153-4988-B965-417803C29EA4}.Release|x64.Build.0 = Release|Any CPU
		{7100C275-1153-4988-B965-417803C29EA4}.Release|x86.ActiveCfg = Release|Any CPU
		{7100C275-1153-4988-B965-417803C29EA4}.Release|x86.Build.0 = Release|Any CPU
		{FDB571CB-94A2-419A-94B5-9E1FA66BDAE1}.Debug|Any CPU.ActiveCfg = Debug|Any CPU
		{FDB571CB-94A2-419A-94B5-9E1FA66BDAE1}.Debug|Any CPU.Build.0 = Debug|Any CPU
		{FDB571CB-94A2-419A-94B5-9E1FA66BDAE1}.Debug|x64.ActiveCfg = Debug|Any CPU
		{FDB571CB-94A2-419A-94B5-9E1FA66BDAE1}.Debug|x64.Build.0 = Debug|Any CPU
		{FDB571CB-94A2-419A-94B5-9E1FA66BDAE1}.Debug|x86.ActiveCfg = Debug|Any CPU
		{FDB571CB-94A2-419A-94B5-9E1FA66BDAE1}.Debug|x86.Build.0 = Debug|Any CPU
		{FDB571CB-94A2-419A-94B5-9E1FA66BDAE1}.Release|Any CPU.ActiveCfg = Release|Any CPU
		{FDB571CB-94A2-419A-94B5-9E1FA66BDAE1}.Release|Any CPU.Build.0 = Release|Any CPU
		{FDB571CB-94A2-419A-94B5-9E1FA66BDAE1}.Release|x64.ActiveCfg = Release|Any CPU
		{FDB571CB-94A2-419A-94B5-9E1FA66BDAE1}.Release|x64.Build.0 = Release|Any CPU
		{FDB571CB-94A2-419A-94B5-9E1FA66BDAE1}.Release|x86.ActiveCfg = Release|Any CPU
		{FDB571CB-94A2-419A-94B5-9E1FA66BDAE1}.Release|x86.Build.0 = Release|Any CPU
		{85A24706-5854-4EFA-82FE-0B245F4A0ADB}.Debug|Any CPU.ActiveCfg = Debug|Any CPU
		{85A24706-5854-4EFA-82FE-0B245F4A0ADB}.Debug|Any CPU.Build.0 = Debug|Any CPU
		{85A24706-5854-4EFA-82FE-0B245F4A0ADB}.Debug|x64.ActiveCfg = Debug|Any CPU
		{85A24706-5854-4EFA-82FE-0B245F4A0ADB}.Debug|x64.Build.0 = Debug|Any CPU
		{85A24706-5854-4EFA-82FE-0B245F4A0ADB}.Debug|x86.ActiveCfg = Debug|Any CPU
		{85A24706-5854-4EFA-82FE-0B245F4A0ADB}.Debug|x86.Build.0 = Debug|Any CPU
		{85A24706-5854-4EFA-82FE-0B245F4A0ADB}.Release|Any CPU.ActiveCfg = Release|Any CPU
		{85A24706-5854-4EFA-82FE-0B245F4A0ADB}.Release|Any CPU.Build.0 = Release|Any CPU
		{85A24706-5854-4EFA-82FE-0B245F4A0ADB}.Release|x64.ActiveCfg = Release|Any CPU
		{85A24706-5854-4EFA-82FE-0B245F4A0ADB}.Release|x64.Build.0 = Release|Any CPU
		{85A24706-5854-4EFA-82FE-0B245F4A0ADB}.Release|x86.ActiveCfg = Release|Any CPU
		{85A24706-5854-4EFA-82FE-0B245F4A0ADB}.Release|x86.Build.0 = Release|Any CPU
		{CAA8AA28-F121-433B-BC33-216876AC69B6}.Debug|Any CPU.ActiveCfg = Debug|Any CPU
		{CAA8AA28-F121-433B-BC33-216876AC69B6}.Debug|Any CPU.Build.0 = Debug|Any CPU
		{CAA8AA28-F121-433B-BC33-216876AC69B6}.Debug|x64.ActiveCfg = Debug|Any CPU
		{CAA8AA28-F121-433B-BC33-216876AC69B6}.Debug|x64.Build.0 = Debug|Any CPU
		{CAA8AA28-F121-433B-BC33-216876AC69B6}.Debug|x86.ActiveCfg = Debug|Any CPU
		{CAA8AA28-F121-433B-BC33-216876AC69B6}.Debug|x86.Build.0 = Debug|Any CPU
		{CAA8AA28-F121-433B-BC33-216876AC69B6}.Release|Any CPU.ActiveCfg = Release|Any CPU
		{CAA8AA28-F121-433B-BC33-216876AC69B6}.Release|Any CPU.Build.0 = Release|Any CPU
		{CAA8AA28-F121-433B-BC33-216876AC69B6}.Release|x64.ActiveCfg = Release|Any CPU
		{CAA8AA28-F121-433B-BC33-216876AC69B6}.Release|x64.Build.0 = Release|Any CPU
		{CAA8AA28-F121-433B-BC33-216876AC69B6}.Release|x86.ActiveCfg = Release|Any CPU
		{CAA8AA28-F121-433B-BC33-216876AC69B6}.Release|x86.Build.0 = Release|Any CPU
		{A799D817-EF47-4A33-A2ED-69CD2A43B330}.Debug|Any CPU.ActiveCfg = Debug|Any CPU
		{A799D817-EF47-4A33-A2ED-69CD2A43B330}.Debug|Any CPU.Build.0 = Debug|Any CPU
		{A799D817-EF47-4A33-A2ED-69CD2A43B330}.Debug|x64.ActiveCfg = Debug|Any CPU
		{A799D817-EF47-4A33-A2ED-69CD2A43B330}.Debug|x64.Build.0 = Debug|Any CPU
		{A799D817-EF47-4A33-A2ED-69CD2A43B330}.Debug|x86.ActiveCfg = Debug|Any CPU
		{A799D817-EF47-4A33-A2ED-69CD2A43B330}.Debug|x86.Build.0 = Debug|Any CPU
		{A799D817-EF47-4A33-A2ED-69CD2A43B330}.Release|Any CPU.ActiveCfg = Release|Any CPU
		{A799D817-EF47-4A33-A2ED-69CD2A43B330}.Release|Any CPU.Build.0 = Release|Any CPU
		{A799D817-EF47-4A33-A2ED-69CD2A43B330}.Release|x64.ActiveCfg = Release|Any CPU
		{A799D817-EF47-4A33-A2ED-69CD2A43B330}.Release|x64.Build.0 = Release|Any CPU
		{A799D817-EF47-4A33-A2ED-69CD2A43B330}.Release|x86.ActiveCfg = Release|Any CPU
		{A799D817-EF47-4A33-A2ED-69CD2A43B330}.Release|x86.Build.0 = Release|Any CPU
		{79E0B11C-A04B-4039-9EE1-B436313B6D18}.Debug|Any CPU.ActiveCfg = Debug|Any CPU
		{79E0B11C-A04B-4039-9EE1-B436313B6D18}.Debug|Any CPU.Build.0 = Debug|Any CPU
		{79E0B11C-A04B-4039-9EE1-B436313B6D18}.Debug|x64.ActiveCfg = Debug|Any CPU
		{79E0B11C-A04B-4039-9EE1-B436313B6D18}.Debug|x64.Build.0 = Debug|Any CPU
		{79E0B11C-A04B-4039-9EE1-B436313B6D18}.Debug|x86.ActiveCfg = Debug|Any CPU
		{79E0B11C-A04B-4039-9EE1-B436313B6D18}.Debug|x86.Build.0 = Debug|Any CPU
		{79E0B11C-A04B-4039-9EE1-B436313B6D18}.Release|Any CPU.ActiveCfg = Release|Any CPU
		{79E0B11C-A04B-4039-9EE1-B436313B6D18}.Release|Any CPU.Build.0 = Release|Any CPU
		{79E0B11C-A04B-4039-9EE1-B436313B6D18}.Release|x64.ActiveCfg = Release|Any CPU
		{79E0B11C-A04B-4039-9EE1-B436313B6D18}.Release|x64.Build.0 = Release|Any CPU
		{79E0B11C-A04B-4039-9EE1-B436313B6D18}.Release|x86.ActiveCfg = Release|Any CPU
		{79E0B11C-A04B-4039-9EE1-B436313B6D18}.Release|x86.Build.0 = Release|Any CPU
		{FC526D32-BFE3-4B8B-832A-2975A4FCF131}.Debug|Any CPU.ActiveCfg = Debug|Any CPU
		{FC526D32-BFE3-4B8B-832A-2975A4FCF131}.Debug|Any CPU.Build.0 = Debug|Any CPU
		{FC526D32-BFE3-4B8B-832A-2975A4FCF131}.Debug|x64.ActiveCfg = Debug|Any CPU
		{FC526D32-BFE3-4B8B-832A-2975A4FCF131}.Debug|x64.Build.0 = Debug|Any CPU
		{FC526D32-BFE3-4B8B-832A-2975A4FCF131}.Debug|x86.ActiveCfg = Debug|Any CPU
		{FC526D32-BFE3-4B8B-832A-2975A4FCF131}.Debug|x86.Build.0 = Debug|Any CPU
		{FC526D32-BFE3-4B8B-832A-2975A4FCF131}.Release|Any CPU.ActiveCfg = Release|Any CPU
		{FC526D32-BFE3-4B8B-832A-2975A4FCF131}.Release|Any CPU.Build.0 = Release|Any CPU
		{FC526D32-BFE3-4B8B-832A-2975A4FCF131}.Release|x64.ActiveCfg = Release|Any CPU
		{FC526D32-BFE3-4B8B-832A-2975A4FCF131}.Release|x64.Build.0 = Release|Any CPU
		{FC526D32-BFE3-4B8B-832A-2975A4FCF131}.Release|x86.ActiveCfg = Release|Any CPU
		{FC526D32-BFE3-4B8B-832A-2975A4FCF131}.Release|x86.Build.0 = Release|Any CPU
		{55D935F7-2F8A-4AD4-A934-902CF320662C}.Debug|Any CPU.ActiveCfg = Debug|Any CPU
		{55D935F7-2F8A-4AD4-A934-902CF320662C}.Debug|Any CPU.Build.0 = Debug|Any CPU
		{55D935F7-2F8A-4AD4-A934-902CF320662C}.Debug|x64.ActiveCfg = Debug|Any CPU
		{55D935F7-2F8A-4AD4-A934-902CF320662C}.Debug|x64.Build.0 = Debug|Any CPU
		{55D935F7-2F8A-4AD4-A934-902CF320662C}.Debug|x86.ActiveCfg = Debug|Any CPU
		{55D935F7-2F8A-4AD4-A934-902CF320662C}.Debug|x86.Build.0 = Debug|Any CPU
		{55D935F7-2F8A-4AD4-A934-902CF320662C}.Release|Any CPU.ActiveCfg = Release|Any CPU
		{55D935F7-2F8A-4AD4-A934-902CF320662C}.Release|Any CPU.Build.0 = Release|Any CPU
		{55D935F7-2F8A-4AD4-A934-902CF320662C}.Release|x64.ActiveCfg = Release|Any CPU
		{55D935F7-2F8A-4AD4-A934-902CF320662C}.Release|x64.Build.0 = Release|Any CPU
		{55D935F7-2F8A-4AD4-A934-902CF320662C}.Release|x86.ActiveCfg = Release|Any CPU
		{55D935F7-2F8A-4AD4-A934-902CF320662C}.Release|x86.Build.0 = Release|Any CPU
		{CF3DDDCC-C72C-4649-A093-D9CFA8B9FCE6}.Debug|Any CPU.ActiveCfg = Debug|Any CPU
		{CF3DDDCC-C72C-4649-A093-D9CFA8B9FCE6}.Debug|Any CPU.Build.0 = Debug|Any CPU
		{CF3DDDCC-C72C-4649-A093-D9CFA8B9FCE6}.Debug|x64.ActiveCfg = Debug|Any CPU
		{CF3DDDCC-C72C-4649-A093-D9CFA8B9FCE6}.Debug|x64.Build.0 = Debug|Any CPU
		{CF3DDDCC-C72C-4649-A093-D9CFA8B9FCE6}.Debug|x86.ActiveCfg = Debug|Any CPU
		{CF3DDDCC-C72C-4649-A093-D9CFA8B9FCE6}.Debug|x86.Build.0 = Debug|Any CPU
		{CF3DDDCC-C72C-4649-A093-D9CFA8B9FCE6}.Release|Any CPU.ActiveCfg = Release|Any CPU
		{CF3DDDCC-C72C-4649-A093-D9CFA8B9FCE6}.Release|Any CPU.Build.0 = Release|Any CPU
		{CF3DDDCC-C72C-4649-A093-D9CFA8B9FCE6}.Release|x64.ActiveCfg = Release|Any CPU
		{CF3DDDCC-C72C-4649-A093-D9CFA8B9FCE6}.Release|x64.Build.0 = Release|Any CPU
		{CF3DDDCC-C72C-4649-A093-D9CFA8B9FCE6}.Release|x86.ActiveCfg = Release|Any CPU
		{CF3DDDCC-C72C-4649-A093-D9CFA8B9FCE6}.Release|x86.Build.0 = Release|Any CPU
		{D3C703FD-523C-42F0-A290-DC7CA61A1333}.Debug|Any CPU.ActiveCfg = Debug|Any CPU
		{D3C703FD-523C-42F0-A290-DC7CA61A1333}.Debug|Any CPU.Build.0 = Debug|Any CPU
		{D3C703FD-523C-42F0-A290-DC7CA61A1333}.Debug|x64.ActiveCfg = Debug|Any CPU
		{D3C703FD-523C-42F0-A290-DC7CA61A1333}.Debug|x64.Build.0 = Debug|Any CPU
		{D3C703FD-523C-42F0-A290-DC7CA61A1333}.Debug|x86.ActiveCfg = Debug|Any CPU
		{D3C703FD-523C-42F0-A290-DC7CA61A1333}.Debug|x86.Build.0 = Debug|Any CPU
		{D3C703FD-523C-42F0-A290-DC7CA61A1333}.Release|Any CPU.ActiveCfg = Release|Any CPU
		{D3C703FD-523C-42F0-A290-DC7CA61A1333}.Release|Any CPU.Build.0 = Release|Any CPU
		{D3C703FD-523C-42F0-A290-DC7CA61A1333}.Release|x64.ActiveCfg = Release|Any CPU
		{D3C703FD-523C-42F0-A290-DC7CA61A1333}.Release|x64.Build.0 = Release|Any CPU
		{D3C703FD-523C-42F0-A290-DC7CA61A1333}.Release|x86.ActiveCfg = Release|Any CPU
		{D3C703FD-523C-42F0-A290-DC7CA61A1333}.Release|x86.Build.0 = Release|Any CPU
		{E05D4939-8307-416E-BAF5-C6EA3AE11DAB}.Debug|Any CPU.ActiveCfg = Debug|Any CPU
		{E05D4939-8307-416E-BAF5-C6EA3AE11DAB}.Debug|Any CPU.Build.0 = Debug|Any CPU
		{E05D4939-8307-416E-BAF5-C6EA3AE11DAB}.Debug|x64.ActiveCfg = Debug|Any CPU
		{E05D4939-8307-416E-BAF5-C6EA3AE11DAB}.Debug|x64.Build.0 = Debug|Any CPU
		{E05D4939-8307-416E-BAF5-C6EA3AE11DAB}.Debug|x86.ActiveCfg = Debug|Any CPU
		{E05D4939-8307-416E-BAF5-C6EA3AE11DAB}.Debug|x86.Build.0 = Debug|Any CPU
		{E05D4939-8307-416E-BAF5-C6EA3AE11DAB}.Release|Any CPU.ActiveCfg = Release|Any CPU
		{E05D4939-8307-416E-BAF5-C6EA3AE11DAB}.Release|Any CPU.Build.0 = Release|Any CPU
		{E05D4939-8307-416E-BAF5-C6EA3AE11DAB}.Release|x64.ActiveCfg = Release|Any CPU
		{E05D4939-8307-416E-BAF5-C6EA3AE11DAB}.Release|x64.Build.0 = Release|Any CPU
		{E05D4939-8307-416E-BAF5-C6EA3AE11DAB}.Release|x86.ActiveCfg = Release|Any CPU
		{E05D4939-8307-416E-BAF5-C6EA3AE11DAB}.Release|x86.Build.0 = Release|Any CPU
		{F82A5F47-9041-4C1E-AD7F-C32A284AF1AC}.Debug|Any CPU.ActiveCfg = Debug|Any CPU
		{F82A5F47-9041-4C1E-AD7F-C32A284AF1AC}.Debug|Any CPU.Build.0 = Debug|Any CPU
		{F82A5F47-9041-4C1E-AD7F-C32A284AF1AC}.Debug|x64.ActiveCfg = Debug|Any CPU
		{F82A5F47-9041-4C1E-AD7F-C32A284AF1AC}.Debug|x64.Build.0 = Debug|Any CPU
		{F82A5F47-9041-4C1E-AD7F-C32A284AF1AC}.Debug|x86.ActiveCfg = Debug|Any CPU
		{F82A5F47-9041-4C1E-AD7F-C32A284AF1AC}.Debug|x86.Build.0 = Debug|Any CPU
		{F82A5F47-9041-4C1E-AD7F-C32A284AF1AC}.Release|Any CPU.ActiveCfg = Release|Any CPU
		{F82A5F47-9041-4C1E-AD7F-C32A284AF1AC}.Release|Any CPU.Build.0 = Release|Any CPU
		{F82A5F47-9041-4C1E-AD7F-C32A284AF1AC}.Release|x64.ActiveCfg = Release|Any CPU
		{F82A5F47-9041-4C1E-AD7F-C32A284AF1AC}.Release|x64.Build.0 = Release|Any CPU
		{F82A5F47-9041-4C1E-AD7F-C32A284AF1AC}.Release|x86.ActiveCfg = Release|Any CPU
		{F82A5F47-9041-4C1E-AD7F-C32A284AF1AC}.Release|x86.Build.0 = Release|Any CPU
		{ED974ACE-2DBD-4A26-84DA-3ADDAD00158F}.Debug|Any CPU.ActiveCfg = Debug|Any CPU
		{ED974ACE-2DBD-4A26-84DA-3ADDAD00158F}.Debug|Any CPU.Build.0 = Debug|Any CPU
		{ED974ACE-2DBD-4A26-84DA-3ADDAD00158F}.Debug|x64.ActiveCfg = Debug|Any CPU
		{ED974ACE-2DBD-4A26-84DA-3ADDAD00158F}.Debug|x64.Build.0 = Debug|Any CPU
		{ED974ACE-2DBD-4A26-84DA-3ADDAD00158F}.Debug|x86.ActiveCfg = Debug|Any CPU
		{ED974ACE-2DBD-4A26-84DA-3ADDAD00158F}.Debug|x86.Build.0 = Debug|Any CPU
		{ED974ACE-2DBD-4A26-84DA-3ADDAD00158F}.Release|Any CPU.ActiveCfg = Release|Any CPU
		{ED974ACE-2DBD-4A26-84DA-3ADDAD00158F}.Release|Any CPU.Build.0 = Release|Any CPU
		{ED974ACE-2DBD-4A26-84DA-3ADDAD00158F}.Release|x64.ActiveCfg = Release|Any CPU
		{ED974ACE-2DBD-4A26-84DA-3ADDAD00158F}.Release|x64.Build.0 = Release|Any CPU
		{ED974ACE-2DBD-4A26-84DA-3ADDAD00158F}.Release|x86.ActiveCfg = Release|Any CPU
		{ED974ACE-2DBD-4A26-84DA-3ADDAD00158F}.Release|x86.Build.0 = Release|Any CPU
		{D188D09A-1E97-4B03-A539-3215AAD376F2}.Debug|Any CPU.ActiveCfg = Debug|Any CPU
		{D188D09A-1E97-4B03-A539-3215AAD376F2}.Debug|Any CPU.Build.0 = Debug|Any CPU
		{D188D09A-1E97-4B03-A539-3215AAD376F2}.Debug|x64.ActiveCfg = Debug|Any CPU
		{D188D09A-1E97-4B03-A539-3215AAD376F2}.Debug|x64.Build.0 = Debug|Any CPU
		{D188D09A-1E97-4B03-A539-3215AAD376F2}.Debug|x86.ActiveCfg = Debug|Any CPU
		{D188D09A-1E97-4B03-A539-3215AAD376F2}.Debug|x86.Build.0 = Debug|Any CPU
		{D188D09A-1E97-4B03-A539-3215AAD376F2}.Release|Any CPU.ActiveCfg = Release|Any CPU
		{D188D09A-1E97-4B03-A539-3215AAD376F2}.Release|Any CPU.Build.0 = Release|Any CPU
		{D188D09A-1E97-4B03-A539-3215AAD376F2}.Release|x64.ActiveCfg = Release|Any CPU
		{D188D09A-1E97-4B03-A539-3215AAD376F2}.Release|x64.Build.0 = Release|Any CPU
		{D188D09A-1E97-4B03-A539-3215AAD376F2}.Release|x86.ActiveCfg = Release|Any CPU
		{D188D09A-1E97-4B03-A539-3215AAD376F2}.Release|x86.Build.0 = Release|Any CPU
		{D9889E4F-89FC-440C-B04E-AF2B6BCC3681}.Debug|Any CPU.ActiveCfg = Debug|Any CPU
		{D9889E4F-89FC-440C-B04E-AF2B6BCC3681}.Debug|Any CPU.Build.0 = Debug|Any CPU
		{D9889E4F-89FC-440C-B04E-AF2B6BCC3681}.Debug|x64.ActiveCfg = Debug|Any CPU
		{D9889E4F-89FC-440C-B04E-AF2B6BCC3681}.Debug|x64.Build.0 = Debug|Any CPU
		{D9889E4F-89FC-440C-B04E-AF2B6BCC3681}.Debug|x86.ActiveCfg = Debug|Any CPU
		{D9889E4F-89FC-440C-B04E-AF2B6BCC3681}.Debug|x86.Build.0 = Debug|Any CPU
		{D9889E4F-89FC-440C-B04E-AF2B6BCC3681}.Release|Any CPU.ActiveCfg = Release|Any CPU
		{D9889E4F-89FC-440C-B04E-AF2B6BCC3681}.Release|Any CPU.Build.0 = Release|Any CPU
		{D9889E4F-89FC-440C-B04E-AF2B6BCC3681}.Release|x64.ActiveCfg = Release|Any CPU
		{D9889E4F-89FC-440C-B04E-AF2B6BCC3681}.Release|x64.Build.0 = Release|Any CPU
		{D9889E4F-89FC-440C-B04E-AF2B6BCC3681}.Release|x86.ActiveCfg = Release|Any CPU
		{D9889E4F-89FC-440C-B04E-AF2B6BCC3681}.Release|x86.Build.0 = Release|Any CPU
		{EA65CB19-5E89-475F-AF7E-C9D6405640B4}.Debug|Any CPU.ActiveCfg = Debug|Any CPU
		{EA65CB19-5E89-475F-AF7E-C9D6405640B4}.Debug|Any CPU.Build.0 = Debug|Any CPU
		{EA65CB19-5E89-475F-AF7E-C9D6405640B4}.Debug|x64.ActiveCfg = Debug|Any CPU
		{EA65CB19-5E89-475F-AF7E-C9D6405640B4}.Debug|x64.Build.0 = Debug|Any CPU
		{EA65CB19-5E89-475F-AF7E-C9D6405640B4}.Debug|x86.ActiveCfg = Debug|Any CPU
		{EA65CB19-5E89-475F-AF7E-C9D6405640B4}.Debug|x86.Build.0 = Debug|Any CPU
		{EA65CB19-5E89-475F-AF7E-C9D6405640B4}.Release|Any CPU.ActiveCfg = Release|Any CPU
		{EA65CB19-5E89-475F-AF7E-C9D6405640B4}.Release|Any CPU.Build.0 = Release|Any CPU
		{EA65CB19-5E89-475F-AF7E-C9D6405640B4}.Release|x64.ActiveCfg = Release|Any CPU
		{EA65CB19-5E89-475F-AF7E-C9D6405640B4}.Release|x64.Build.0 = Release|Any CPU
		{EA65CB19-5E89-475F-AF7E-C9D6405640B4}.Release|x86.ActiveCfg = Release|Any CPU
		{EA65CB19-5E89-475F-AF7E-C9D6405640B4}.Release|x86.Build.0 = Release|Any CPU
		{29A09120-8756-4552-A6F1-6A485C919DAF}.Debug|Any CPU.ActiveCfg = Debug|Any CPU
		{29A09120-8756-4552-A6F1-6A485C919DAF}.Debug|Any CPU.Build.0 = Debug|Any CPU
		{29A09120-8756-4552-A6F1-6A485C919DAF}.Debug|x64.ActiveCfg = Debug|Any CPU
		{29A09120-8756-4552-A6F1-6A485C919DAF}.Debug|x64.Build.0 = Debug|Any CPU
		{29A09120-8756-4552-A6F1-6A485C919DAF}.Debug|x86.ActiveCfg = Debug|Any CPU
		{29A09120-8756-4552-A6F1-6A485C919DAF}.Debug|x86.Build.0 = Debug|Any CPU
		{29A09120-8756-4552-A6F1-6A485C919DAF}.Release|Any CPU.ActiveCfg = Release|Any CPU
		{29A09120-8756-4552-A6F1-6A485C919DAF}.Release|Any CPU.Build.0 = Release|Any CPU
		{29A09120-8756-4552-A6F1-6A485C919DAF}.Release|x64.ActiveCfg = Release|Any CPU
		{29A09120-8756-4552-A6F1-6A485C919DAF}.Release|x64.Build.0 = Release|Any CPU
		{29A09120-8756-4552-A6F1-6A485C919DAF}.Release|x86.ActiveCfg = Release|Any CPU
		{29A09120-8756-4552-A6F1-6A485C919DAF}.Release|x86.Build.0 = Release|Any CPU
		{04FE4592-84A2-4749-A805-621449368413}.Debug|Any CPU.ActiveCfg = Debug|Any CPU
		{04FE4592-84A2-4749-A805-621449368413}.Debug|Any CPU.Build.0 = Debug|Any CPU
		{04FE4592-84A2-4749-A805-621449368413}.Debug|x64.ActiveCfg = Debug|Any CPU
		{04FE4592-84A2-4749-A805-621449368413}.Debug|x64.Build.0 = Debug|Any CPU
		{04FE4592-84A2-4749-A805-621449368413}.Debug|x86.ActiveCfg = Debug|Any CPU
		{04FE4592-84A2-4749-A805-621449368413}.Debug|x86.Build.0 = Debug|Any CPU
		{04FE4592-84A2-4749-A805-621449368413}.Release|Any CPU.ActiveCfg = Release|Any CPU
		{04FE4592-84A2-4749-A805-621449368413}.Release|Any CPU.Build.0 = Release|Any CPU
		{04FE4592-84A2-4749-A805-621449368413}.Release|x64.ActiveCfg = Release|Any CPU
		{04FE4592-84A2-4749-A805-621449368413}.Release|x64.Build.0 = Release|Any CPU
		{04FE4592-84A2-4749-A805-621449368413}.Release|x86.ActiveCfg = Release|Any CPU
		{04FE4592-84A2-4749-A805-621449368413}.Release|x86.Build.0 = Release|Any CPU
		{3AA97921-18A7-4C2C-A944-5404426148DC}.Debug|Any CPU.ActiveCfg = Debug|Any CPU
		{3AA97921-18A7-4C2C-A944-5404426148DC}.Debug|Any CPU.Build.0 = Debug|Any CPU
		{3AA97921-18A7-4C2C-A944-5404426148DC}.Debug|x64.ActiveCfg = Debug|Any CPU
		{3AA97921-18A7-4C2C-A944-5404426148DC}.Debug|x64.Build.0 = Debug|Any CPU
		{3AA97921-18A7-4C2C-A944-5404426148DC}.Debug|x86.ActiveCfg = Debug|Any CPU
		{3AA97921-18A7-4C2C-A944-5404426148DC}.Debug|x86.Build.0 = Debug|Any CPU
		{3AA97921-18A7-4C2C-A944-5404426148DC}.Release|Any CPU.ActiveCfg = Release|Any CPU
		{3AA97921-18A7-4C2C-A944-5404426148DC}.Release|Any CPU.Build.0 = Release|Any CPU
		{3AA97921-18A7-4C2C-A944-5404426148DC}.Release|x64.ActiveCfg = Release|Any CPU
		{3AA97921-18A7-4C2C-A944-5404426148DC}.Release|x64.Build.0 = Release|Any CPU
		{3AA97921-18A7-4C2C-A944-5404426148DC}.Release|x86.ActiveCfg = Release|Any CPU
		{3AA97921-18A7-4C2C-A944-5404426148DC}.Release|x86.Build.0 = Release|Any CPU
	EndGlobalSection
	GlobalSection(SolutionProperties) = preSolution
		HideSolutionNode = FALSE
	EndGlobalSection
	GlobalSection(NestedProjects) = preSolution
		{068A69DA-A48E-4CEF-8783-484E9602D4D8} = {441FFF5B-AFCB-44A2-9A63-56A312D87BF3}
		{9175A31D-8AFA-477A-9D87-1FB2B0205AE7} = {441FFF5B-AFCB-44A2-9A63-56A312D87BF3}
		{ACFF8540-CE43-4051-876B-8519F448931A} = {441FFF5B-AFCB-44A2-9A63-56A312D87BF3}
		{15AE9E9F-F8F9-451B-8657-FC8CE5D80D2E} = {441FFF5B-AFCB-44A2-9A63-56A312D87BF3}
		{96381233-C210-4C16-8850-8E8936DCBC2A} = {441FFF5B-AFCB-44A2-9A63-56A312D87BF3}
		{7CEDE099-6B57-4B1B-B5A3-FCD1F89B7A9E} = {441FFF5B-AFCB-44A2-9A63-56A312D87BF3}
		{9BC71A29-9677-4DBE-97CF-82CFE346177C} = {441FFF5B-AFCB-44A2-9A63-56A312D87BF3}
		{F39DB487-0518-4425-B6FC-6AF3932E6512} = {441FFF5B-AFCB-44A2-9A63-56A312D87BF3}
		{EC40B48B-397F-4B50-85A6-271E813699B9} = {441FFF5B-AFCB-44A2-9A63-56A312D87BF3}
		{CE4A06C1-19BD-464C-9208-D6B57D23E8E3} = {441FFF5B-AFCB-44A2-9A63-56A312D87BF3}
		{2889583F-6028-4FCD-BBC1-9082E58B0710} = {441FFF5B-AFCB-44A2-9A63-56A312D87BF3}
		{AED1F2A3-8D44-4961-8A2A-A9AE447C6D8B} = {441FFF5B-AFCB-44A2-9A63-56A312D87BF3}
		{E0489C04-BE26-4EAA-9570-60ED24A5FFEB} = {441FFF5B-AFCB-44A2-9A63-56A312D87BF3}
		{05AD519A-8DB4-4414-A253-6B73FE66011C} = {441FFF5B-AFCB-44A2-9A63-56A312D87BF3}
		{D29C5B58-22AC-41B5-AA2E-32B8222B0350} = {441FFF5B-AFCB-44A2-9A63-56A312D87BF3}
		{5B68195D-A4F5-4CB8-8C11-9DDD185EA29D} = {441FFF5B-AFCB-44A2-9A63-56A312D87BF3}
		{AC8096C8-A054-46BA-B644-30479F3E61E0} = {441FFF5B-AFCB-44A2-9A63-56A312D87BF3}
		{A3BD13D9-19E5-4F8B-885C-49C4DC55029A} = {441FFF5B-AFCB-44A2-9A63-56A312D87BF3}
		{5A31F026-A8C4-41F6-9B3B-44AD63D1D3CB} = {441FFF5B-AFCB-44A2-9A63-56A312D87BF3}
		{7338C99D-3512-4915-BD38-C5EEB07478DE} = {441FFF5B-AFCB-44A2-9A63-56A312D87BF3}
		{92ACC7B4-B204-4D80-B74A-6C8E5772CA6D} = {441FFF5B-AFCB-44A2-9A63-56A312D87BF3}
		{C2B00EBF-78F4-4E70-85FD-533D30F42D09} = {441FFF5B-AFCB-44A2-9A63-56A312D87BF3}
		{CC83D82C-4AAB-493C-B38E-6B0096E13672} = {441FFF5B-AFCB-44A2-9A63-56A312D87BF3}
		{1CED360D-1985-48A6-A3FB-65C27C7DAB38} = {441FFF5B-AFCB-44A2-9A63-56A312D87BF3}
		{F2197FEE-6809-4DFD-BA9E-142F7424BB98} = {441FFF5B-AFCB-44A2-9A63-56A312D87BF3}
		{1FFE019B-CCED-4D30-968E-72290E79B035} = {441FFF5B-AFCB-44A2-9A63-56A312D87BF3}
		{7100C275-1153-4988-B965-417803C29EA4} = {441FFF5B-AFCB-44A2-9A63-56A312D87BF3}
		{FDB571CB-94A2-419A-94B5-9E1FA66BDAE1} = {441FFF5B-AFCB-44A2-9A63-56A312D87BF3}
		{85A24706-5854-4EFA-82FE-0B245F4A0ADB} = {441FFF5B-AFCB-44A2-9A63-56A312D87BF3}
		{CAA8AA28-F121-433B-BC33-216876AC69B6} = {441FFF5B-AFCB-44A2-9A63-56A312D87BF3}
		{A799D817-EF47-4A33-A2ED-69CD2A43B330} = {441FFF5B-AFCB-44A2-9A63-56A312D87BF3}
		{79E0B11C-A04B-4039-9EE1-B436313B6D18} = {441FFF5B-AFCB-44A2-9A63-56A312D87BF3}
		{FC526D32-BFE3-4B8B-832A-2975A4FCF131} = {441FFF5B-AFCB-44A2-9A63-56A312D87BF3}
		{55D935F7-2F8A-4AD4-A934-902CF320662C} = {441FFF5B-AFCB-44A2-9A63-56A312D87BF3}
		{CF3DDDCC-C72C-4649-A093-D9CFA8B9FCE6} = {441FFF5B-AFCB-44A2-9A63-56A312D87BF3}
		{D3C703FD-523C-42F0-A290-DC7CA61A1333} = {441FFF5B-AFCB-44A2-9A63-56A312D87BF3}
		{E05D4939-8307-416E-BAF5-C6EA3AE11DAB} = {441FFF5B-AFCB-44A2-9A63-56A312D87BF3}
		{F82A5F47-9041-4C1E-AD7F-C32A284AF1AC} = {441FFF5B-AFCB-44A2-9A63-56A312D87BF3}
		{ED974ACE-2DBD-4A26-84DA-3ADDAD00158F} = {441FFF5B-AFCB-44A2-9A63-56A312D87BF3}
		{D188D09A-1E97-4B03-A539-3215AAD376F2} = {441FFF5B-AFCB-44A2-9A63-56A312D87BF3}
		{D9889E4F-89FC-440C-B04E-AF2B6BCC3681} = {441FFF5B-AFCB-44A2-9A63-56A312D87BF3}
		{EA65CB19-5E89-475F-AF7E-C9D6405640B4} = {441FFF5B-AFCB-44A2-9A63-56A312D87BF3}
		{29A09120-8756-4552-A6F1-6A485C919DAF} = {441FFF5B-AFCB-44A2-9A63-56A312D87BF3}
		{04FE4592-84A2-4749-A805-621449368413} = {441FFF5B-AFCB-44A2-9A63-56A312D87BF3}
		{3AA97921-18A7-4C2C-A944-5404426148DC} = {441FFF5B-AFCB-44A2-9A63-56A312D87BF3}
	EndGlobalSection
	GlobalSection(ExtensibilityGlobals) = postSolution
		SolutionGuid = {A0BBB351-4DA6-4C55-9F63-9EDF3EFE6542}
	EndGlobalSection
EndGlobal
